
Microsoft Visual Studio Solution File, Format Version 12.00
# Visual Studio Version 17
VisualStudioVersion = 17.8.34511.84
MinimumVisualStudioVersion = 10.0.40219.1
Project("{2150E333-8FDC-42A3-9474-1A3956D46DE8}") = "src", "src", "{D19DDF43-9CB1-4C63-B831-846005A3C8B8}"
EndProject
Project("{2150E333-8FDC-42A3-9474-1A3956D46DE8}") = "test", "test", "{CBD9383C-2F0E-4E97-AD85-B540791A5D9D}"
EndProject
Project("{FAE04EC0-301F-11D3-BF4B-00C04F79EFBC}") = "Bookify.Domain", "Bookify.Domain\Bookify.Domain.csproj", "{2C08D68D-3CC4-4519-8B4B-37D56C46F444}"
EndProject
Global
	GlobalSection(SolutionConfigurationPlatforms) = preSolution
		Debug|Any CPU = Debug|Any CPU
		Release|Any CPU = Release|Any CPU
	EndGlobalSection
	GlobalSection(ProjectConfigurationPlatforms) = postSolution
		{2C08D68D-3CC4-4519-8B4B-37D56C46F444}.Debug|Any CPU.ActiveCfg = Debug|Any CPU
		{2C08D68D-3CC4-4519-8B4B-37D56C46F444}.Debug|Any CPU.Build.0 = Debug|Any CPU
		{2C08D68D-3CC4-4519-8B4B-37D56C46F444}.Release|Any CPU.ActiveCfg = Release|Any CPU
		{2C08D68D-3CC4-4519-8B4B-37D56C46F444}.Release|Any CPU.Build.0 = Release|Any CPU
	EndGlobalSection
	GlobalSection(SolutionProperties) = preSolution
		HideSolutionNode = FALSE
	EndGlobalSection
	GlobalSection(NestedProjects) = preSolution
		{2C08D68D-3CC4-4519-8B4B-37D56C46F444} = {D19DDF43-9CB1-4C63-B831-846005A3C8B8}
	EndGlobalSection
	GlobalSection(ExtensibilityGlobals) = postSolution
		SolutionGuid = {C5EB98FC-7F4A-4454-B665-0A64C25F80F9}
	EndGlobalSection
EndGlobal
